// !$*UTF8*$!
{
	archiveVersion = 1;
	classes = {
	};
	objectVersion = 46;
	objects = {

/* Begin PBXBuildFile section */
		2B5709AF1D30D5F5000B6530 /* main.m in Sources */ = {isa = PBXBuildFile; fileRef = 2B5709AE1D30D5F5000B6530 /* main.m */; };
		2B5709B21D30D5F5000B6530 /* AppDelegate.m in Sources */ = {isa = PBXBuildFile; fileRef = 2B5709B11D30D5F5000B6530 /* AppDelegate.m */; };
		2B5709B51D30D5F5000B6530 /* ViewController.m in Sources */ = {isa = PBXBuildFile; fileRef = 2B5709B41D30D5F5000B6530 /* ViewController.m */; };
		2B5709B81D30D5F5000B6530 /* Main.storyboard in Resources */ = {isa = PBXBuildFile; fileRef = 2B5709B61D30D5F5000B6530 /* Main.storyboard */; };
		2B5709BA1D30D5F5000B6530 /* Assets.xcassets in Resources */ = {isa = PBXBuildFile; fileRef = 2B5709B91D30D5F5000B6530 /* Assets.xcassets */; };
		2B5709BD1D30D5F5000B6530 /* LaunchScreen.storyboard in Resources */ = {isa = PBXBuildFile; fileRef = 2B5709BB1D30D5F5000B6530 /* LaunchScreen.storyboard */; };
		2B5709C91D30D613000B6530 /* SWTextField.m in Sources */ = {isa = PBXBuildFile; fileRef = 2B5709C61D30D613000B6530 /* SWTextField.m */; };
		2B5709CA1D30D613000B6530 /* SWTextView.m in Sources */ = {isa = PBXBuildFile; fileRef = 2B5709C81D30D613000B6530 /* SWTextView.m */; };
		2B5709CD1D30D66B000B6530 /* UIView+AdjustLayoutWithKeyboard.m in Sources */ = {isa = PBXBuildFile; fileRef = 2B5709CC1D30D66B000B6530 /* UIView+AdjustLayoutWithKeyboard.m */; };
		8828ABF71D32712100E2EB3A /* TextFieldDemoViewController.m in Sources */ = {isa = PBXBuildFile; fileRef = 8828ABF61D32712100E2EB3A /* TextFieldDemoViewController.m */; };
		8828ABFD1D32714700E2EB3A /* ViewDemoViewController.m in Sources */ = {isa = PBXBuildFile; fileRef = 8828ABFC1D32714700E2EB3A /* ViewDemoViewController.m */; };
		8828AC001D3271BD00E2EB3A /* TextViewDemoViewController.m in Sources */ = {isa = PBXBuildFile; fileRef = 8828ABFF1D3271BD00E2EB3A /* TextViewDemoViewController.m */; };
/* End PBXBuildFile section */

/* Begin PBXFileReference section */
		2B5709AA1D30D5F5000B6530 /* SWTextField_TextView.app */ = {isa = PBXFileReference; explicitFileType = wrapper.application; includeInIndex = 0; path = SWTextField_TextView.app; sourceTree = BUILT_PRODUCTS_DIR; };
		2B5709AE1D30D5F5000B6530 /* main.m */ = {isa = PBXFileReference; lastKnownFileType = sourcecode.c.objc; path = main.m; sourceTree = "<group>"; };
		2B5709B01D30D5F5000B6530 /* AppDelegate.h */ = {isa = PBXFileReference; lastKnownFileType = sourcecode.c.h; path = AppDelegate.h; sourceTree = "<group>"; };
		2B5709B11D30D5F5000B6530 /* AppDelegate.m */ = {isa = PBXFileReference; lastKnownFileType = sourcecode.c.objc; path = AppDelegate.m; sourceTree = "<group>"; };
		2B5709B31D30D5F5000B6530 /* ViewController.h */ = {isa = PBXFileReference; lastKnownFileType = sourcecode.c.h; path = ViewController.h; sourceTree = "<group>"; };
		2B5709B41D30D5F5000B6530 /* ViewController.m */ = {isa = PBXFileReference; lastKnownFileType = sourcecode.c.objc; path = ViewController.m; sourceTree = "<group>"; };
		2B5709B71D30D5F5000B6530 /* Base */ = {isa = PBXFileReference; lastKnownFileType = file.storyboard; name = Base; path = Base.lproj/Main.storyboard; sourceTree = "<group>"; };
		2B5709B91D30D5F5000B6530 /* Assets.xcassets */ = {isa = PBXFileReference; lastKnownFileType = folder.assetcatalog; path = Assets.xcassets; sourceTree = "<group>"; };
		2B5709BC1D30D5F5000B6530 /* Base */ = {isa = PBXFileReference; lastKnownFileType = file.storyboard; name = Base; path = Base.lproj/LaunchScreen.storyboard; sourceTree = "<group>"; };
		2B5709BE1D30D5F5000B6530 /* Info.plist */ = {isa = PBXFileReference; lastKnownFileType = text.plist.xml; path = Info.plist; sourceTree = "<group>"; };
		2B5709C51D30D613000B6530 /* SWTextField.h */ = {isa = PBXFileReference; fileEncoding = 4; lastKnownFileType = sourcecode.c.h; path = SWTextField.h; sourceTree = "<group>"; };
		2B5709C61D30D613000B6530 /* SWTextField.m */ = {isa = PBXFileReference; fileEncoding = 4; lastKnownFileType = sourcecode.c.objc; path = SWTextField.m; sourceTree = "<group>"; };
		2B5709C71D30D613000B6530 /* SWTextView.h */ = {isa = PBXFileReference; fileEncoding = 4; lastKnownFileType = sourcecode.c.h; path = SWTextView.h; sourceTree = "<group>"; };
		2B5709C81D30D613000B6530 /* SWTextView.m */ = {isa = PBXFileReference; fileEncoding = 4; lastKnownFileType = sourcecode.c.objc; path = SWTextView.m; sourceTree = "<group>"; };
		2B5709CB1D30D66B000B6530 /* UIView+AdjustLayoutWithKeyboard.h */ = {isa = PBXFileReference; fileEncoding = 4; lastKnownFileType = sourcecode.c.h; path = "UIView+AdjustLayoutWithKeyboard.h"; sourceTree = "<group>"; };
		2B5709CC1D30D66B000B6530 /* UIView+AdjustLayoutWithKeyboard.m */ = {isa = PBXFileReference; fileEncoding = 4; lastKnownFileType = sourcecode.c.objc; path = "UIView+AdjustLayoutWithKeyboard.m"; sourceTree = "<group>"; };
		8828ABF51D32712100E2EB3A /* TextFieldDemoViewController.h */ = {isa = PBXFileReference; fileEncoding = 4; lastKnownFileType = sourcecode.c.h; path = TextFieldDemoViewController.h; sourceTree = "<group>"; };
		8828ABF61D32712100E2EB3A /* TextFieldDemoViewController.m */ = {isa = PBXFileReference; fileEncoding = 4; lastKnownFileType = sourcecode.c.objc; path = TextFieldDemoViewController.m; sourceTree = "<group>"; };
		8828ABFB1D32714700E2EB3A /* ViewDemoViewController.h */ = {isa = PBXFileReference; fileEncoding = 4; lastKnownFileType = sourcecode.c.h; path = ViewDemoViewController.h; sourceTree = "<group>"; };
		8828ABFC1D32714700E2EB3A /* ViewDemoViewController.m */ = {isa = PBXFileReference; fileEncoding = 4; lastKnownFileType = sourcecode.c.objc; path = ViewDemoViewController.m; sourceTree = "<group>"; };
		8828ABFE1D3271BD00E2EB3A /* TextViewDemoViewController.h */ = {isa = PBXFileReference; fileEncoding = 4; lastKnownFileType = sourcecode.c.h; path = TextViewDemoViewController.h; sourceTree = "<group>"; };
		8828ABFF1D3271BD00E2EB3A /* TextViewDemoViewController.m */ = {isa = PBXFileReference; fileEncoding = 4; lastKnownFileType = sourcecode.c.objc; path = TextViewDemoViewController.m; sourceTree = "<group>"; };
/* End PBXFileReference section */

/* Begin PBXFrameworksBuildPhase section */
		2B5709A71D30D5F5000B6530 /* Frameworks */ = {
			isa = PBXFrameworksBuildPhase;
			buildActionMask = 2147483647;
			files = (
			);
			runOnlyForDeploymentPostprocessing = 0;
		};
/* End PBXFrameworksBuildPhase section */

/* Begin PBXGroup section */
		2B5709A11D30D5F5000B6530 = {
			isa = PBXGroup;
			children = (
				2B5709AC1D30D5F5000B6530 /* SWTextField_TextView */,
				2B5709AB1D30D5F5000B6530 /* Products */,
			);
			sourceTree = "<group>";
		};
		2B5709AB1D30D5F5000B6530 /* Products */ = {
			isa = PBXGroup;
			children = (
				2B5709AA1D30D5F5000B6530 /* SWTextField_TextView.app */,
			);
			name = Products;
			sourceTree = "<group>";
		};
		2B5709AC1D30D5F5000B6530 /* SWTextField_TextView */ = {
			isa = PBXGroup;
			children = (
				2B5709C41D30D613000B6530 /* SWTextField_TextView */,
				2B5709B01D30D5F5000B6530 /* AppDelegate.h */,
				2B5709B11D30D5F5000B6530 /* AppDelegate.m */,
				2B5709B31D30D5F5000B6530 /* ViewController.h */,
				2B5709B41D30D5F5000B6530 /* ViewController.m */,
				8828ABF51D32712100E2EB3A /* TextFieldDemoViewController.h */,
				8828ABF61D32712100E2EB3A /* TextFieldDemoViewController.m */,
				8828ABFE1D3271BD00E2EB3A /* TextViewDemoViewController.h */,
				8828ABFF1D3271BD00E2EB3A /* TextViewDemoViewController.m */,
				8828ABFB1D32714700E2EB3A /* ViewDemoViewController.h */,
				8828ABFC1D32714700E2EB3A /* ViewDemoViewController.m */,
				2B5709B61D30D5F5000B6530 /* Main.storyboard */,
				2B5709B91D30D5F5000B6530 /* Assets.xcassets */,
				2B5709BB1D30D5F5000B6530 /* LaunchScreen.storyboard */,
				2B5709BE1D30D5F5000B6530 /* Info.plist */,
				2B5709AD1D30D5F5000B6530 /* Supporting Files */,
			);
			path = SWTextField_TextView;
			sourceTree = "<group>";
		};
		2B5709AD1D30D5F5000B6530 /* Supporting Files */ = {
			isa = PBXGroup;
			children = (
				2B5709AE1D30D5F5000B6530 /* main.m */,
			);
			name = "Supporting Files";
			sourceTree = "<group>";
		};
		2B5709C41D30D613000B6530 /* SWTextField_TextView */ = {
			isa = PBXGroup;
			children = (
				2B5709C51D30D613000B6530 /* SWTextField.h */,
				2B5709C61D30D613000B6530 /* SWTextField.m */,
				2B5709C71D30D613000B6530 /* SWTextView.h */,
				2B5709C81D30D613000B6530 /* SWTextView.m */,
				2B5709CB1D30D66B000B6530 /* UIView+AdjustLayoutWithKeyboard.h */,
				2B5709CC1D30D66B000B6530 /* UIView+AdjustLayoutWithKeyboard.m */,
			);
			path = SWTextField_TextView;
			sourceTree = "<group>";
		};
/* End PBXGroup section */

/* Begin PBXNativeTarget section */
		2B5709A91D30D5F5000B6530 /* SWTextField_TextView */ = {
			isa = PBXNativeTarget;
			buildConfigurationList = 2B5709C11D30D5F5000B6530 /* Build configuration list for PBXNativeTarget "SWTextField_TextView" */;
			buildPhases = (
				2B5709A61D30D5F5000B6530 /* Sources */,
				2B5709A71D30D5F5000B6530 /* Frameworks */,
				2B5709A81D30D5F5000B6530 /* Resources */,
			);
			buildRules = (
			);
			dependencies = (
			);
			name = SWTextField_TextView;
			productName = SWTextField_TextView;
			productReference = 2B5709AA1D30D5F5000B6530 /* SWTextField_TextView.app */;
			productType = "com.apple.product-type.application";
		};
/* End PBXNativeTarget section */

/* Begin PBXProject section */
		2B5709A21D30D5F5000B6530 /* Project object */ = {
			isa = PBXProject;
			attributes = {
				LastUpgradeCheck = 0730;
				ORGANIZATIONNAME = "石文文";
				TargetAttributes = {
					2B5709A91D30D5F5000B6530 = {
						CreatedOnToolsVersion = 7.3.1;
						DevelopmentTeam = N5KSFY67W3;
					};
				};
			};
			buildConfigurationList = 2B5709A51D30D5F5000B6530 /* Build configuration list for PBXProject "SWTextField_TextView" */;
			compatibilityVersion = "Xcode 3.2";
			developmentRegion = English;
			hasScannedForEncodings = 0;
			knownRegions = (
				en,
				Base,
			);
			mainGroup = 2B5709A11D30D5F5000B6530;
			productRefGroup = 2B5709AB1D30D5F5000B6530 /* Products */;
			projectDirPath = "";
			projectRoot = "";
			targets = (
				2B5709A91D30D5F5000B6530 /* SWTextField_TextView */,
			);
		};
/* End PBXProject section */

/* Begin PBXResourcesBuildPhase section */
		2B5709A81D30D5F5000B6530 /* Resources */ = {
			isa = PBXResourcesBuildPhase;
			buildActionMask = 2147483647;
			files = (
				2B5709BD1D30D5F5000B6530 /* LaunchScreen.storyboard in Resources */,
				2B5709BA1D30D5F5000B6530 /* Assets.xcassets in Resources */,
				2B5709B81D30D5F5000B6530 /* Main.storyboard in Resources */,
			);
			runOnlyForDeploymentPostprocessing = 0;
		};
/* End PBXResourcesBuildPhase section */

/* Begin PBXSourcesBuildPhase section */
		2B5709A61D30D5F5000B6530 /* Sources */ = {
			isa = PBXSourcesBuildPhase;
			buildActionMask = 2147483647;
			files = (
				8828ABF71D32712100E2EB3A /* TextFieldDemoViewController.m in Sources */,
				2B5709B51D30D5F5000B6530 /* ViewController.m in Sources */,
				2B5709B21D30D5F5000B6530 /* AppDelegate.m in Sources */,
				2B5709CA1D30D613000B6530 /* SWTextView.m in Sources */,
				2B5709AF1D30D5F5000B6530 /* main.m in Sources */,
				8828AC001D3271BD00E2EB3A /* TextViewDemoViewController.m in Sources */,
				2B5709CD1D30D66B000B6530 /* UIView+AdjustLayoutWithKeyboard.m in Sources */,
				8828ABFD1D32714700E2EB3A /* ViewDemoViewController.m in Sources */,
				2B5709C91D30D613000B6530 /* SWTextField.m in Sources */,
			);
			runOnlyForDeploymentPostprocessing = 0;
		};
/* End PBXSourcesBuildPhase section */

/* Begin PBXVariantGroup section */
		2B5709B61D30D5F5000B6530 /* Main.storyboard */ = {
			isa = PBXVariantGroup;
			children = (
				2B5709B71D30D5F5000B6530 /* Base */,
			);
			name = Main.storyboard;
			sourceTree = "<group>";
		};
		2B5709BB1D30D5F5000B6530 /* LaunchScreen.storyboard */ = {
			isa = PBXVariantGroup;
			children = (
				2B5709BC1D30D5F5000B6530 /* Base */,
			);
			name = LaunchScreen.storyboard;
			sourceTree = "<group>";
		};
/* End PBXVariantGroup section */

/* Begin XCBuildConfiguration section */
		2B5709BF1D30D5F5000B6530 /* Debug */ = {
			isa = XCBuildConfiguration;
			buildSettings = {
				ALWAYS_SEARCH_USER_PATHS = NO;
				CLANG_ANALYZER_NONNULL = YES;
				CLANG_CXX_LANGUAGE_STANDARD = "gnu++0x";
				CLANG_CXX_LIBRARY = "libc++";
				CLANG_ENABLE_MODULES = YES;
				CLANG_ENABLE_OBJC_ARC = YES;
				CLANG_WARN_BOOL_CONVERSION = YES;
				CLANG_WARN_CONSTANT_CONVERSION = YES;
				CLANG_WARN_DIRECT_OBJC_ISA_USAGE = YES_ERROR;
				CLANG_WARN_EMPTY_BODY = YES;
				CLANG_WARN_ENUM_CONVERSION = YES;
				CLANG_WARN_INT_CONVERSION = YES;
				CLANG_WARN_OBJC_ROOT_CLASS = YES_ERROR;
				CLANG_WARN_UNREACHABLE_CODE = YES;
				CLANG_WARN__DUPLICATE_METHOD_MATCH = YES;
				"CODE_SIGN_IDENTITY[sdk=iphoneos*]" = "iPhone Developer";
				COPY_PHASE_STRIP = NO;
				DEBUG_INFORMATION_FORMAT = dwarf;
				ENABLE_STRICT_OBJC_MSGSEND = YES;
				ENABLE_TESTABILITY = YES;
				GCC_C_LANGUAGE_STANDARD = gnu99;
				GCC_DYNAMIC_NO_PIC = NO;
				GCC_NO_COMMON_BLOCKS = YES;
				GCC_OPTIMIZATION_LEVEL = 0;
				GCC_PREPROCESSOR_DEFINITIONS = (
					"DEBUG=1",
					"$(inherited)",
				);
				GCC_WARN_64_TO_32_BIT_CONVERSION = YES;
				GCC_WARN_ABOUT_RETURN_TYPE = YES_ERROR;
				GCC_WARN_UNDECLARED_SELECTOR = YES;
				GCC_WARN_UNINITIALIZED_AUTOS = YES_AGGRESSIVE;
				GCC_WARN_UNUSED_FUNCTION = YES;
				GCC_WARN_UNUSED_VARIABLE = YES;
				IPHONEOS_DEPLOYMENT_TARGET = 9.3;
				MTL_ENABLE_DEBUG_INFO = YES;
				ONLY_ACTIVE_ARCH = YES;
				SDKROOT = iphoneos;
				TARGETED_DEVICE_FAMILY = "1,2";
			};
			name = Debug;
		};
		2B5709C01D30D5F5000B6530 /* Release */ = {
			isa = XCBuildConfiguration;
			buildSettings = {
				ALWAYS_SEARCH_USER_PATHS = NO;
				CLANG_ANALYZER_NONNULL = YES;
				CLANG_CXX_LANGUAGE_STANDARD = "gnu++0x";
				CLANG_CXX_LIBRARY = "libc++";
				CLANG_ENABLE_MODULES = YES;
				CLANG_ENABLE_OBJC_ARC = YES;
				CLANG_WARN_BOOL_CONVERSION = YES;
				CLANG_WARN_CONSTANT_CONVERSION = YES;
				CLANG_WARN_DIRECT_OBJC_ISA_USAGE = YES_ERROR;
				CLANG_WARN_EMPTY_BODY = YES;
				CLANG_WARN_ENUM_CONVERSION = YES;
				CLANG_WARN_INT_CONVERSION = YES;
				CLANG_WARN_OBJC_ROOT_CLASS = YES_ERROR;
				CLANG_WARN_UNREACHABLE_CODE = YES;
				CLANG_WARN__DUPLICATE_METHOD_MATCH = YES;
				"CODE_SIGN_IDENTITY[sdk=iphoneos*]" = "iPhone Developer";
				COPY_PHASE_STRIP = NO;
				DEBUG_INFORMATION_FORMAT = "dwarf-with-dsym";
				ENABLE_NS_ASSERTIONS = NO;
				ENABLE_STRICT_OBJC_MSGSEND = YES;
				GCC_C_LANGUAGE_STANDARD = gnu99;
				GCC_NO_COMMON_BLOCKS = YES;
				GCC_WARN_64_TO_32_BIT_CONVERSION = YES;
				GCC_WARN_ABOUT_RETURN_TYPE = YES_ERROR;
				GCC_WARN_UNDECLARED_SELECTOR = YES;
				GCC_WARN_UNINITIALIZED_AUTOS = YES_AGGRESSIVE;
				GCC_WARN_UNUSED_FUNCTION = YES;
				GCC_WARN_UNUSED_VARIABLE = YES;
				IPHONEOS_DEPLOYMENT_TARGET = 9.3;
				MTL_ENABLE_DEBUG_INFO = NO;
				SDKROOT = iphoneos;
				TARGETED_DEVICE_FAMILY = "1,2";
				VALIDATE_PRODUCT = YES;
			};
			name = Release;
		};
		2B5709C21D30D5F5000B6530 /* Debug */ = {
			isa = XCBuildConfiguration;
			buildSettings = {
				ASSETCATALOG_COMPILER_APPICON_NAME = AppIcon;
				CODE_SIGN_IDENTITY = "iPhone Developer";
				"CODE_SIGN_IDENTITY[sdk=iphoneos*]" = "iPhone Developer";
				INFOPLIST_FILE = SWTextField_TextView/Info.plist;
				IPHONEOS_DEPLOYMENT_TARGET = 7.0;
				LD_RUNPATH_SEARCH_PATHS = "$(inherited) @executable_path/Frameworks";
				PRODUCT_BUNDLE_IDENTIFIER = "com.sww.SWTextField-TextView";
				PRODUCT_NAME = "$(TARGET_NAME)";
				PROVISIONING_PROFILE = "";
			};
			name = Debug;
		};
		2B5709C31D30D5F5000B6530 /* Release */ = {
			isa = XCBuildConfiguration;
			buildSettings = {
				ASSETCATALOG_COMPILER_APPICON_NAME = AppIcon;
				CODE_SIGN_IDENTITY = "iPhone Developer";
				"CODE_SIGN_IDENTITY[sdk=iphoneos*]" = "iPhone Developer";
				INFOPLIST_FILE = SWTextField_TextView/Info.plist;
				IPHONEOS_DEPLOYMENT_TARGET = 7.0;
				LD_RUNPATH_SEARCH_PATHS = "$(inherited) @executable_path/Frameworks";
				PRODUCT_BUNDLE_IDENTIFIER = "com.sww.SWTextField-TextView";
				PRODUCT_NAME = "$(TARGET_NAME)";
				PROVISIONING_PROFILE = "";
			};
			name = Release;
		};
/* End XCBuildConfiguration section */

/* Begin XCConfigurationList section */
		2B5709A51D30D5F5000B6530 /* Build configuration list for PBXProject "SWTextField_TextView" */ = {
			isa = XCConfigurationList;
			buildConfigurations = (
				2B5709BF1D30D5F5000B6530 /* Debug */,
				2B5709C01D30D5F5000B6530 /* Release */,
			);
			defaultConfigurationIsVisible = 0;
			defaultConfigurationName = Release;
		};
		2B5709C11D30D5F5000B6530 /* Build configuration list for PBXNativeTarget "SWTextField_TextView" */ = {
			isa = XCConfigurationList;
			buildConfigurations = (
				2B5709C21D30D5F5000B6530 /* Debug */,
				2B5709C31D30D5F5000B6530 /* Release */,
			);
			defaultConfigurationIsVisible = 0;
			defaultConfigurationName = Release;
		};
/* End XCConfigurationList section */
	};
	rootObject = 2B5709A21D30D5F5000B6530 /* Project object */;
}
